// !$*UTF8*$!
{
	archiveVersion = 1;
	classes = {
	};
	objectVersion = 48;
	objects = {

/* Begin PBXBuildFile section */
		38129CB220852C9D006940DA /* Board.swift in Sources */ = {isa = PBXBuildFile; fileRef = 38129CB120852C9D006940DA /* Board.swift */; };
		38129CB420852D47006940DA /* Tile.swift in Sources */ = {isa = PBXBuildFile; fileRef = 38129CB320852D47006940DA /* Tile.swift */; };
		3B72D8E120852AB9003B1CAB /* AppDelegate.swift in Sources */ = {isa = PBXBuildFile; fileRef = 3B72D8E020852AB9003B1CAB /* AppDelegate.swift */; };
		3B72D8E320852AB9003B1CAB /* ViewController.swift in Sources */ = {isa = PBXBuildFile; fileRef = 3B72D8E220852AB9003B1CAB /* ViewController.swift */; };
		3B72D8E620852ABA003B1CAB /* Checkers.xcdatamodeld in Sources */ = {isa = PBXBuildFile; fileRef = 3B72D8E420852AB9003B1CAB /* Checkers.xcdatamodeld */; };
		3B72D8E920852ABA003B1CAB /* Main.storyboard in Resources */ = {isa = PBXBuildFile; fileRef = 3B72D8E720852ABA003B1CAB /* Main.storyboard */; };
		3B72D8EB20852ABA003B1CAB /* Assets.xcassets in Resources */ = {isa = PBXBuildFile; fileRef = 3B72D8EA20852ABA003B1CAB /* Assets.xcassets */; };
		3BC292FA208E617900C81926 /* Piece.swift in Sources */ = {isa = PBXBuildFile; fileRef = 3BC292F9208E617900C81926 /* Piece.swift */; };
/* End PBXBuildFile section */

/* Begin PBXFileReference section */
		38129CB120852C9D006940DA /* Board.swift */ = {isa = PBXFileReference; lastKnownFileType = sourcecode.swift; path = Board.swift; sourceTree = "<group>"; };
		38129CB320852D47006940DA /* Tile.swift */ = {isa = PBXFileReference; lastKnownFileType = sourcecode.swift; path = Tile.swift; sourceTree = "<group>"; };
		3B72D8DD20852AB9003B1CAB /* Checkers.app */ = {isa = PBXFileReference; explicitFileType = wrapper.application; includeInIndex = 0; path = Checkers.app; sourceTree = BUILT_PRODUCTS_DIR; };
		3B72D8E020852AB9003B1CAB /* AppDelegate.swift */ = {isa = PBXFileReference; lastKnownFileType = sourcecode.swift; path = AppDelegate.swift; sourceTree = "<group>"; };
		3B72D8E220852AB9003B1CAB /* ViewController.swift */ = {isa = PBXFileReference; lastKnownFileType = sourcecode.swift; path = ViewController.swift; sourceTree = "<group>"; };
		3B72D8E520852AB9003B1CAB /* Checkers.xcdatamodel */ = {isa = PBXFileReference; lastKnownFileType = wrapper.xcdatamodel; path = Checkers.xcdatamodel; sourceTree = "<group>"; };
		3B72D8E820852ABA003B1CAB /* Base */ = {isa = PBXFileReference; lastKnownFileType = file.storyboard; name = Base; path = Base.lproj/Main.storyboard; sourceTree = "<group>"; };
		3B72D8EA20852ABA003B1CAB /* Assets.xcassets */ = {isa = PBXFileReference; lastKnownFileType = folder.assetcatalog; path = Assets.xcassets; sourceTree = "<group>"; };
		3B72D8EC20852ABA003B1CAB /* Info.plist */ = {isa = PBXFileReference; lastKnownFileType = text.plist.xml; path = Info.plist; sourceTree = "<group>"; };
		3BC292F9208E617900C81926 /* Piece.swift */ = {isa = PBXFileReference; lastKnownFileType = sourcecode.swift; path = Piece.swift; sourceTree = "<group>"; };
/* End PBXFileReference section */

/* Begin PBXFrameworksBuildPhase section */
		3B72D8DA20852AB9003B1CAB /* Frameworks */ = {
			isa = PBXFrameworksBuildPhase;
			buildActionMask = 2147483647;
			files = (
			);
			runOnlyForDeploymentPostprocessing = 0;
		};
/* End PBXFrameworksBuildPhase section */

/* Begin PBXGroup section */
		3B72D8D420852AB9003B1CAB = {
			isa = PBXGroup;
			children = (
				3B72D8DF20852AB9003B1CAB /* Checkers */,
				3B72D8DE20852AB9003B1CAB /* Products */,
			);
			sourceTree = "<group>";
		};
		3B72D8DE20852AB9003B1CAB /* Products */ = {
			isa = PBXGroup;
			children = (
				3B72D8DD20852AB9003B1CAB /* Checkers.app */,
			);
			name = Products;
			sourceTree = "<group>";
		};
		3B72D8DF20852AB9003B1CAB /* Checkers */ = {
			isa = PBXGroup;
			children = (
				3B72D8E020852AB9003B1CAB /* AppDelegate.swift */,
				3B72D8E220852AB9003B1CAB /* ViewController.swift */,
				38129CB120852C9D006940DA /* Board.swift */,
				38129CB320852D47006940DA /* Tile.swift */,
				3BC292F9208E617900C81926 /* Piece.swift */,
				3B72D8E720852ABA003B1CAB /* Main.storyboard */,
				3B72D8EA20852ABA003B1CAB /* Assets.xcassets */,
				3B72D8EC20852ABA003B1CAB /* Info.plist */,
				3B72D8E420852AB9003B1CAB /* Checkers.xcdatamodeld */,
			);
			path = Checkers;
			sourceTree = "<group>";
		};
/* End PBXGroup section */

/* Begin PBXNativeTarget section */
		3B72D8DC20852AB9003B1CAB /* Checkers */ = {
			isa = PBXNativeTarget;
			buildConfigurationList = 3B72D8EF20852ABA003B1CAB /* Build configuration list for PBXNativeTarget "Checkers" */;
			buildPhases = (
				3B72D8D920852AB9003B1CAB /* Sources */,
				3B72D8DA20852AB9003B1CAB /* Frameworks */,
				3B72D8DB20852AB9003B1CAB /* Resources */,
			);
			buildRules = (
			);
			dependencies = (
			);
			name = Checkers;
			productName = Checkers;
			productReference = 3B72D8DD20852AB9003B1CAB /* Checkers.app */;
			productType = "com.apple.product-type.application";
		};
/* End PBXNativeTarget section */

/* Begin PBXProject section */
		3B72D8D520852AB9003B1CAB /* Project object */ = {
			isa = PBXProject;
			attributes = {
				LastSwiftUpdateCheck = 0920;
				LastUpgradeCheck = 0920;
				ORGANIZATIONNAME = "Lin Li";
				TargetAttributes = {
					3B72D8DC20852AB9003B1CAB = {
						CreatedOnToolsVersion = 9.2;
						ProvisioningStyle = Automatic;
					};
				};
			};
			buildConfigurationList = 3B72D8D820852AB9003B1CAB /* Build configuration list for PBXProject "Checkers" */;
			compatibilityVersion = "Xcode 8.0";
			developmentRegion = en;
			hasScannedForEncodings = 0;
			knownRegions = (
				en,
				Base,
			);
			mainGroup = 3B72D8D420852AB9003B1CAB;
			productRefGroup = 3B72D8DE20852AB9003B1CAB /* Products */;
			projectDirPath = "";
			projectRoot = "";
			targets = (
				3B72D8DC20852AB9003B1CAB /* Checkers */,
			);
		};
/* End PBXProject section */

/* Begin PBXResourcesBuildPhase section */
		3B72D8DB20852AB9003B1CAB /* Resources */ = {
			isa = PBXResourcesBuildPhase;
			buildActionMask = 2147483647;
			files = (
				3B72D8EB20852ABA003B1CAB /* Assets.xcassets in Resources */,
				3B72D8E920852ABA003B1CAB /* Main.storyboard in Resources */,
			);
			runOnlyForDeploymentPostprocessing = 0;
		};
/* End PBXResourcesBuildPhase section */

/* Begin PBXSourcesBuildPhase section */
		3B72D8D920852AB9003B1CAB /* Sources */ = {
			isa = PBXSourcesBuildPhase;
			buildActionMask = 2147483647;
			files = (
				3B72D8E320852AB9003B1CAB /* ViewController.swift in Sources */,
				3BC292FA208E617900C81926 /* Piece.swift in Sources */,
				3B72D8E620852ABA003B1CAB /* Checkers.xcdatamodeld in Sources */,
				38129CB420852D47006940DA /* Tile.swift in Sources */,
				38129CB220852C9D006940DA /* Board.swift in Sources */,
				3B72D8E120852AB9003B1CAB /* AppDelegate.swift in Sources */,
			);
			runOnlyForDeploymentPostprocessing = 0;
		};
/* End PBXSourcesBuildPhase section */

/* Begin PBXVariantGroup section */
		3B72D8E720852ABA003B1CAB /* Main.storyboard */ = {
			isa = PBXVariantGroup;
			children = (
				3B72D8E820852ABA003B1CAB /* Base */,
			);
			name = Main.storyboard;
			sourceTree = "<group>";
		};
/* End PBXVariantGroup section */

/* Begin XCBuildConfiguration section */
		3B72D8ED20852ABA003B1CAB /* Debug */ = {
			isa = XCBuildConfiguration;
			buildSettings = {
				ALWAYS_SEARCH_USER_PATHS = NO;
				CLANG_ANALYZER_NONNULL = YES;
				CLANG_ANALYZER_NUMBER_OBJECT_CONVERSION = YES_AGGRESSIVE;
				CLANG_CXX_LANGUAGE_STANDARD = "gnu++14";
				CLANG_CXX_LIBRARY = "libc++";
				CLANG_ENABLE_MODULES = YES;
				CLANG_ENABLE_OBJC_ARC = YES;
				CLANG_WARN_BLOCK_CAPTURE_AUTORELEASING = YES;
				CLANG_WARN_BOOL_CONVERSION = YES;
				CLANG_WARN_COMMA = YES;
				CLANG_WARN_CONSTANT_CONVERSION = YES;
				CLANG_WARN_DIRECT_OBJC_ISA_USAGE = YES_ERROR;
				CLANG_WARN_DOCUMENTATION_COMMENTS = YES;
				CLANG_WARN_EMPTY_BODY = YES;
				CLANG_WARN_ENUM_CONVERSION = YES;
				CLANG_WARN_INFINITE_RECURSION = YES;
				CLANG_WARN_INT_CONVERSION = YES;
				CLANG_WARN_NON_LITERAL_NULL_CONVERSION = YES;
				CLANG_WARN_OBJC_LITERAL_CONVERSION = YES;
				CLANG_WARN_OBJC_ROOT_CLASS = YES_ERROR;
				CLANG_WARN_RANGE_LOOP_ANALYSIS = YES;
				CLANG_WARN_STRICT_PROTOTYPES = YES;
				CLANG_WARN_SUSPICIOUS_MOVE = YES;
				CLANG_WARN_UNGUARDED_AVAILABILITY = YES_AGGRESSIVE;
				CLANG_WARN_UNREACHABLE_CODE = YES;
				CLANG_WARN__DUPLICATE_METHOD_MATCH = YES;
				COPY_PHASE_STRIP = NO;
				DEBUG_INFORMATION_FORMAT = dwarf;
				ENABLE_STRICT_OBJC_MSGSEND = YES;
				ENABLE_TESTABILITY = YES;
				GCC_C_LANGUAGE_STANDARD = gnu11;
				GCC_DYNAMIC_NO_PIC = NO;
				GCC_NO_COMMON_BLOCKS = YES;
				GCC_OPTIMIZATION_LEVEL = 0;
				GCC_PREPROCESSOR_DEFINITIONS = (
					"DEBUG=1",
					"$(inherited)",
				);
				GCC_WARN_64_TO_32_BIT_CONVERSION = YES;
				GCC_WARN_ABOUT_RETURN_TYPE = YES_ERROR;
				GCC_WARN_UNDECLARED_SELECTOR = YES;
				GCC_WARN_UNINITIALIZED_AUTOS = YES_AGGRESSIVE;
				GCC_WARN_UNUSED_FUNCTION = YES;
				GCC_WARN_UNUSED_VARIABLE = YES;
				MTL_ENABLE_DEBUG_INFO = YES;
				ONLY_ACTIVE_ARCH = YES;
				SDKROOT = appletvos;
				SWIFT_ACTIVE_COMPILATION_CONDITIONS = DEBUG;
				SWIFT_OPTIMIZATION_LEVEL = "-Onone";
				TVOS_DEPLOYMENT_TARGET = 11.2;
			};
			name = Debug;
		};
		3B72D8EE20852ABA003B1CAB /* Release */ = {
			isa = XCBuildConfiguration;
			buildSettings = {
				ALWAYS_SEARCH_USER_PATHS = NO;
				CLANG_ANALYZER_NONNULL = YES;
				CLANG_ANALYZER_NUMBER_OBJECT_CONVERSION = YES_AGGRESSIVE;
				CLANG_CXX_LANGUAGE_STANDARD = "gnu++14";
				CLANG_CXX_LIBRARY = "libc++";
				CLANG_ENABLE_MODULES = YES;
				CLANG_ENABLE_OBJC_ARC = YES;
				CLANG_WARN_BLOCK_CAPTURE_AUTORELEASING = YES;
				CLANG_WARN_BOOL_CONVERSION = YES;
				CLANG_WARN_COMMA = YES;
				CLANG_WARN_CONSTANT_CONVERSION = YES;
				CLANG_WARN_DIRECT_OBJC_ISA_USAGE = YES_ERROR;
				CLANG_WARN_DOCUMENTATION_COMMENTS = YES;
				CLANG_WARN_EMPTY_BODY = YES;
				CLANG_WARN_ENUM_CONVERSION = YES;
				CLANG_WARN_INFINITE_RECURSION = YES;
				CLANG_WARN_INT_CONVERSION = YES;
				CLANG_WARN_NON_LITERAL_NULL_CONVERSION = YES;
				CLANG_WARN_OBJC_LITERAL_CONVERSION = YES;
				CLANG_WARN_OBJC_ROOT_CLASS = YES_ERROR;
				CLANG_WARN_RANGE_LOOP_ANALYSIS = YES;
				CLANG_WARN_STRICT_PROTOTYPES = YES;
				CLANG_WARN_SUSPICIOUS_MOVE = YES;
				CLANG_WARN_UNGUARDED_AVAILABILITY = YES_AGGRESSIVE;
				CLANG_WARN_UNREACHABLE_CODE = YES;
				CLANG_WARN__DUPLICATE_METHOD_MATCH = YES;
				COPY_PHASE_STRIP = NO;
				DEBUG_INFORMATION_FORMAT = "dwarf-with-dsym";
				ENABLE_NS_ASSERTIONS = NO;
				ENABLE_STRICT_OBJC_MSGSEND = YES;
				GCC_C_LANGUAGE_STANDARD = gnu11;
				GCC_NO_COMMON_BLOCKS = YES;
				GCC_WARN_64_TO_32_BIT_CONVERSION = YES;
				GCC_WARN_ABOUT_RETURN_TYPE = YES_ERROR;
				GCC_WARN_UNDECLARED_SELECTOR = YES;
				GCC_WARN_UNINITIALIZED_AUTOS = YES_AGGRESSIVE;
				GCC_WARN_UNUSED_FUNCTION = YES;
				GCC_WARN_UNUSED_VARIABLE = YES;
				MTL_ENABLE_DEBUG_INFO = NO;
				SDKROOT = appletvos;
				SWIFT_OPTIMIZATION_LEVEL = "-Owholemodule";
				TVOS_DEPLOYMENT_TARGET = 11.2;
				VALIDATE_PRODUCT = YES;
			};
			name = Release;
		};
		3B72D8F020852ABA003B1CAB /* Debug */ = {
			isa = XCBuildConfiguration;
			buildSettings = {
				ASSETCATALOG_COMPILER_APPICON_NAME = "App Icon & Top Shelf Image";
				ASSETCATALOG_COMPILER_LAUNCHIMAGE_NAME = LaunchImage;
				CODE_SIGN_STYLE = Automatic;
				DEVELOPMENT_TEAM = 84LWTY6T5F;
				INFOPLIST_FILE = Checkers/Info.plist;
				LD_RUNPATH_SEARCH_PATHS = "$(inherited) @executable_path/Frameworks";
				PRODUCT_BUNDLE_IDENTIFIER = lli04.Checkers;
				PRODUCT_NAME = "$(TARGET_NAME)";
				SWIFT_VERSION = 4.0;
				TARGETED_DEVICE_FAMILY = 3;
			};
			name = Debug;
		};
		3B72D8F120852ABA003B1CAB /* Release */ = {
			isa = XCBuildConfiguration;
			buildSettings = {
				ASSETCATALOG_COMPILER_APPICON_NAME = "App Icon & Top Shelf Image";
				ASSETCATALOG_COMPILER_LAUNCHIMAGE_NAME = LaunchImage;
				CODE_SIGN_STYLE = Automatic;
				DEVELOPMENT_TEAM = 84LWTY6T5F;
				INFOPLIST_FILE = Checkers/Info.plist;
				LD_RUNPATH_SEARCH_PATHS = "$(inherited) @executable_path/Frameworks";
				PRODUCT_BUNDLE_IDENTIFIER = lli04.Checkers;
				PRODUCT_NAME = "$(TARGET_NAME)";
				SWIFT_VERSION = 4.0;
				TARGETED_DEVICE_FAMILY = 3;
			};
			name = Release;
		};
/* End XCBuildConfiguration section */

/* Begin XCConfigurationList section */
		3B72D8D820852AB9003B1CAB /* Build configuration list for PBXProject "Checkers" */ = {
			isa = XCConfigurationList;
			buildConfigurations = (
				3B72D8ED20852ABA003B1CAB /* Debug */,
				3B72D8EE20852ABA003B1CAB /* Release */,
			);
			defaultConfigurationIsVisible = 0;
			defaultConfigurationName = Release;
		};
		3B72D8EF20852ABA003B1CAB /* Build configuration list for PBXNativeTarget "Checkers" */ = {
			isa = XCConfigurationList;
			buildConfigurations = (
				3B72D8F020852ABA003B1CAB /* Debug */,
				3B72D8F120852ABA003B1CAB /* Release */,
			);
			defaultConfigurationIsVisible = 0;
			defaultConfigurationName = Release;
		};
/* End XCConfigurationList section */

/* Begin XCVersionGroup section */
		3B72D8E420852AB9003B1CAB /* Checkers.xcdatamodeld */ = {
			isa = XCVersionGroup;
			children = (
				3B72D8E520852AB9003B1CAB /* Checkers.xcdatamodel */,
			);
			currentVersion = 3B72D8E520852AB9003B1CAB /* Checkers.xcdatamodel */;
			path = Checkers.xcdatamodeld;
			sourceTree = "<group>";
			versionGroupType = wrapper.xcdatamodel;
		};
/* End XCVersionGroup section */
	};
	rootObject = 3B72D8D520852AB9003B1CAB /* Project object */;
}
